<Solution>
  <Configurations>
    <Platform Name="x64" />
    <Platform Name="x86" />
  </Configurations>
  <Project Path="Array/Array.vcxproj" Id="59729e53-e843-4203-b3c9-9915735cb072" />
  <Project Path="Class/Class.vcxproj" Id="7d22701b-92db-4b6c-ba1d-052c7a7d5706" />
  <Project Path="ClassAndArray/ClassAndArray.vcxproj" Id="b22d47a1-22e7-4ae8-8d9d-ac68479e9f32" />
  <Project Path="CompilerTest/CompilerTest.vcxproj" Id="c1a5bae9-b643-4695-af9c-2197414df91d" />
  <Project Path="FriendKeyword/FriendKeyword.vcxproj" Id="ff31ded8-c564-43fa-834d-d3ebc46216c4" />
  <Project Path="InlineFunction/InlineFunction.vcxproj" Id="f84cbb6b-7ee6-464b-a359-8b8128a73e64" />
  <Project Path="Pointer/Pointer.vcxproj" Id="92056092-6bf5-4e81-b517-f74fa342bfa8" />
  <Project Path="Reference/Reference.vcxproj" Id="886597a2-187e-4fb8-bc90-9865c1eebfda" />
  <Project Path="String/String.vcxproj" Id="e74f7f5b-226a-440b-9bc9-c635de9dd3b4" />
</Solution>
